
Microsoft Visual Studio Solution File, Format Version 12.00
# Visual Studio Version 16
VisualStudioVersion = 16.0.31402.337
MinimumVisualStudioVersion = 10.0.40219.1
Project("{FAE04EC0-301F-11D3-BF4B-00C04F79EFBC}") = "FlynnNotesBlog", "FlynnNotesBlog.csproj", "{34C9A9D3-D572-43DD-89C6-DB8752FE1AD1}"
EndProject
Global
	GlobalSection(SolutionConfigurationPlatforms) = preSolution
		Debug|Any CPU = Debug|Any CPU
		Release|Any CPU = Release|Any CPU
	EndGlobalSection
	GlobalSection(ProjectConfigurationPlatforms) = postSolution
		{34C9A9D3-D572-43DD-89C6-DB8752FE1AD1}.Debug|Any CPU.ActiveCfg = Debug|Any CPU
		{34C9A9D3-D572-43DD-89C6-DB8752FE1AD1}.Debug|Any CPU.Build.0 = Debug|Any CPU
		{34C9A9D3-D572-43DD-89C6-DB8752FE1AD1}.Release|Any CPU.ActiveCfg = Release|Any CPU
		{34C9A9D3-D572-43DD-89C6-DB8752FE1AD1}.Release|Any CPU.Build.0 = Release|Any CPU
	EndGlobalSection
	GlobalSection(SolutionProperties) = preSolution
		HideSolutionNode = FALSE
	EndGlobalSection
	GlobalSection(ExtensibilityGlobals) = postSolution
		SolutionGuid = {063F6C04-811F-4AE3-9160-68F73745B6B2}
	EndGlobalSection
EndGlobal
